// !$*UTF8*$!
{
	archiveVersion = 1;
	classes = {
	};
	objectVersion = 77;
	objects = {

/* Begin PBXContainerItemProxy section */
		7CBD665D2E0BA6040007DFAB /* PBXContainerItemProxy */ = {
			isa = PBXContainerItemProxy;
			containerPortal = 7CBD66472E0BA6010007DFAB /* Project object */;
			proxyType = 1;
			remoteGlobalIDString = 7CBD664E2E0BA6010007DFAB;
			remoteInfo = Unravel;
		};
		7CBD66672E0BA6040007DFAB /* PBXContainerItemProxy */ = {
			isa = PBXContainerItemProxy;
			containerPortal = 7CBD66472E0BA6010007DFAB /* Project object */;
			proxyType = 1;
			remoteGlobalIDString = 7CBD664E2E0BA6010007DFAB;
			remoteInfo = Unravel;
		};
/* End PBXContainerItemProxy section */

/* Begin PBXFileReference section */
		7CBD664F2E0BA6010007DFAB /* Unravel.app */ = {isa = PBXFileReference; explicitFileType = wrapper.application; includeInIndex = 0; path = Unravel.app; sourceTree = BUILT_PRODUCTS_DIR; };
		7CBD665C2E0BA6040007DFAB /* UnravelTests.xctest */ = {isa = PBXFileReference; explicitFileType = wrapper.cfbundle; includeInIndex = 0; path = UnravelTests.xctest; sourceTree = BUILT_PRODUCTS_DIR; };
		7CBD66662E0BA6040007DFAB /* UnravelUITests.xctest */ = {isa = PBXFileReference; explicitFileType = wrapper.cfbundle; includeInIndex = 0; path = UnravelUITests.xctest; sourceTree = BUILT_PRODUCTS_DIR; };
/* End PBXFileReference section */

/* Begin PBXFileSystemSynchronizedRootGroup section */
		7CBD66512E0BA6010007DFAB /* Unravel */ = {
			isa = PBXFileSystemSynchronizedRootGroup;
			path = Unravel;
			sourceTree = "<group>";
		};
		7CBD665F2E0BA6040007DFAB /* UnravelTests */ = {
			isa = PBXFileSystemSynchronizedRootGroup;
			path = UnravelTests;
			sourceTree = "<group>";
		};
		7CBD66692E0BA6040007DFAB /* UnravelUITests */ = {
			isa = PBXFileSystemSynchronizedRootGroup;
			path = UnravelUITests;
			sourceTree = "<group>";
		};
/* End PBXFileSystemSynchronizedRootGroup section */

/* Begin PBXFrameworksBuildPhase section */
		7CBD664C2E0BA6010007DFAB /* Frameworks */ = {
			isa = PBXFrameworksBuildPhase;
			buildActionMask = 2147483647;
			files = (
			);
			runOnlyForDeploymentPostprocessing = 0;
		};
		7CBD66592E0BA6040007DFAB /* Frameworks */ = {
			isa = PBXFrameworksBuildPhase;
			buildActionMask = 2147483647;
			files = (
			);
			runOnlyForDeploymentPostprocessing = 0;
		};
		7CBD66632E0BA6040007DFAB /* Frameworks */ = {
			isa = PBXFrameworksBuildPhase;
			buildActionMask = 2147483647;
			files = (
			);
			runOnlyForDeploymentPostprocessing = 0;
		};
/* End PBXFrameworksBuildPhase section */

/* Begin PBXGroup section */
		7CBD66462E0BA6010007DFAB = {
			isa = PBXGroup;
			children = (
				7CBD66512E0BA6010007DFAB /* Unravel */,
				7CBD665F2E0BA6040007DFAB /* UnravelTests */,
				7CBD66692E0BA6040007DFAB /* UnravelUITests */,
				7CBD66502E0BA6010007DFAB /* Products */,
			);
			sourceTree = "<group>";
		};
		7CBD66502E0BA6010007DFAB /* Products */ = {
			isa = PBXGroup;
			children = (
				7CBD664F2E0BA6010007DFAB /* Unravel.app */,
				7CBD665C2E0BA6040007DFAB /* UnravelTests.xctest */,
				7CBD66662E0BA6040007DFAB /* UnravelUITests.xctest */,
			);
			name = Products;
			sourceTree = "<group>";
		};
/* End PBXGroup section */

/* Begin PBXNativeTarget section */
		7CBD664E2E0BA6010007DFAB /* Unravel */ = {
			isa = PBXNativeTarget;
			buildConfigurationList = 7CBD66702E0BA6040007DFAB /* Build configuration list for PBXNativeTarget "Unravel" */;
			buildPhases = (
				7CBD664B2E0BA6010007DFAB /* Sources */,
				7CBD664C2E0BA6010007DFAB /* Frameworks */,
				7CBD664D2E0BA6010007DFAB /* Resources */,
			);
			buildRules = (
			);
			dependencies = (
			);
			fileSystemSynchronizedGroups = (
				7CBD66512E0BA6010007DFAB /* Unravel */,
			);
			name = Unravel;
			packageProductDependencies = (
			);
			productName = Unravel;
			productReference = 7CBD664F2E0BA6010007DFAB /* Unravel.app */;
			productType = "com.apple.product-type.application";
		};
		7CBD665B2E0BA6040007DFAB /* UnravelTests */ = {
			isa = PBXNativeTarget;
			buildConfigurationList = 7CBD66732E0BA6040007DFAB /* Build configuration list for PBXNativeTarget "UnravelTests" */;
			buildPhases = (
				7CBD66582E0BA6040007DFAB /* Sources */,
				7CBD66592E0BA6040007DFAB /* Frameworks */,
				7CBD665A2E0BA6040007DFAB /* Resources */,
			);
			buildRules = (
			);
			dependencies = (
				7CBD665E2E0BA6040007DFAB /* PBXTargetDependency */,
			);
			fileSystemSynchronizedGroups = (
				7CBD665F2E0BA6040007DFAB /* UnravelTests */,
			);
			name = UnravelTests;
			packageProductDependencies = (
			);
			productName = UnravelTests;
			productReference = 7CBD665C2E0BA6040007DFAB /* UnravelTests.xctest */;
			productType = "com.apple.product-type.bundle.unit-test";
		};
		7CBD66652E0BA6040007DFAB /* UnravelUITests */ = {
			isa = PBXNativeTarget;
			buildConfigurationList = 7CBD66762E0BA6040007DFAB /* Build configuration list for PBXNativeTarget "UnravelUITests" */;
			buildPhases = (
				7CBD66622E0BA6040007DFAB /* Sources */,
				7CBD66632E0BA6040007DFAB /* Frameworks */,
				7CBD66642E0BA6040007DFAB /* Resources */,
			);
			buildRules = (
			);
			dependencies = (
				7CBD66682E0BA6040007DFAB /* PBXTargetDependency */,
			);
			fileSystemSynchronizedGroups = (
				7CBD66692E0BA6040007DFAB /* UnravelUITests */,
			);
			name = UnravelUITests;
			packageProductDependencies = (
			);
			productName = UnravelUITests;
			productReference = 7CBD66662E0BA6040007DFAB /* UnravelUITests.xctest */;
			productType = "com.apple.product-type.bundle.ui-testing";
		};
/* End PBXNativeTarget section */

/* Begin PBXProject section */
		7CBD66472E0BA6010007DFAB /* Project object */ = {
			isa = PBXProject;
			attributes = {
				BuildIndependentTargetsInParallel = 1;
				LastSwiftUpdateCheck = 1640;
				LastUpgradeCheck = 1640;
				TargetAttributes = {
					7CBD664E2E0BA6010007DFAB = {
						CreatedOnToolsVersion = 16.4;
					};
					7CBD665B2E0BA6040007DFAB = {
						CreatedOnToolsVersion = 16.4;
						TestTargetID = 7CBD664E2E0BA6010007DFAB;
					};
					7CBD66652E0BA6040007DFAB = {
						CreatedOnToolsVersion = 16.4;
						TestTargetID = 7CBD664E2E0BA6010007DFAB;
					};
				};
			};
			buildConfigurationList = 7CBD664A2E0BA6010007DFAB /* Build configuration list for PBXProject "Unravel" */;
			developmentRegion = en;
			hasScannedForEncodings = 0;
			knownRegions = (
				en,
				Base,
			);
			mainGroup = 7CBD66462E0BA6010007DFAB;
			minimizedProjectReferenceProxies = 1;
			preferredProjectObjectVersion = 77;
			productRefGroup = 7CBD66502E0BA6010007DFAB /* Products */;
			projectDirPath = "";
			projectRoot = "";
			targets = (
				7CBD664E2E0BA6010007DFAB /* Unravel */,
				7CBD665B2E0BA6040007DFAB /* UnravelTests */,
				7CBD66652E0BA6040007DFAB /* UnravelUITests */,
			);
		};
/* End PBXProject section */

/* Begin PBXResourcesBuildPhase section */
		7CBD664D2E0BA6010007DFAB /* Resources */ = {
			isa = PBXResourcesBuildPhase;
			buildActionMask = 2147483647;
			files = (
			);
			runOnlyForDeploymentPostprocessing = 0;
		};
		7CBD665A2E0BA6040007DFAB /* Resources */ = {
			isa = PBXResourcesBuildPhase;
			buildActionMask = 2147483647;
			files = (
			);
			runOnlyForDeploymentPostprocessing = 0;
		};
		7CBD66642E0BA6040007DFAB /* Resources */ = {
			isa = PBXResourcesBuildPhase;
			buildActionMask = 2147483647;
			files = (
			);
			runOnlyForDeploymentPostprocessing = 0;
		};
/* End PBXResourcesBuildPhase section */

/* Begin PBXSourcesBuildPhase section */
		7CBD664B2E0BA6010007DFAB /* Sources */ = {
			isa = PBXSourcesBuildPhase;
			buildActionMask = 2147483647;
			files = (
			);
			runOnlyForDeploymentPostprocessing = 0;
		};
		7CBD66582E0BA6040007DFAB /* Sources */ = {
			isa = PBXSourcesBuildPhase;
			buildActionMask = 2147483647;
			files = (
			);
			runOnlyForDeploymentPostprocessing = 0;
		};
		7CBD66622E0BA6040007DFAB /* Sources */ = {
			isa = PBXSourcesBuildPhase;
			buildActionMask = 2147483647;
			files = (
			);
			runOnlyForDeploymentPostprocessing = 0;
		};
/* End PBXSourcesBuildPhase section */

/* Begin PBXTargetDependency section */
		7CBD665E2E0BA6040007DFAB /* PBXTargetDependency */ = {
			isa = PBXTargetDependency;
			target = 7CBD664E2E0BA6010007DFAB /* Unravel */;
			targetProxy = 7CBD665D2E0BA6040007DFAB /* PBXContainerItemProxy */;
		};
		7CBD66682E0BA6040007DFAB /* PBXTargetDependency */ = {
			isa = PBXTargetDependency;
			target = 7CBD664E2E0BA6010007DFAB /* Unravel */;
			targetProxy = 7CBD66672E0BA6040007DFAB /* PBXContainerItemProxy */;
		};
/* End PBXTargetDependency section */

/* Begin XCBuildConfiguration section */
		7CBD666E2E0BA6040007DFAB /* Debug */ = {
			isa = XCBuildConfiguration;
			buildSettings = {
				ALWAYS_SEARCH_USER_PATHS = NO;
				ASSETCATALOG_COMPILER_GENERATE_SWIFT_ASSET_SYMBOL_EXTENSIONS = YES;
				CLANG_ANALYZER_NONNULL = YES;
				CLANG_ANALYZER_NUMBER_OBJECT_CONVERSION = YES_AGGRESSIVE;
				CLANG_CXX_LANGUAGE_STANDARD = "gnu++20";
				CLANG_ENABLE_MODULES = YES;
				CLANG_ENABLE_OBJC_ARC = YES;
				CLANG_ENABLE_OBJC_WEAK = YES;
				CLANG_WARN_BLOCK_CAPTURE_AUTORELEASING = YES;
				CLANG_WARN_BOOL_CONVERSION = YES;
				CLANG_WARN_COMMA = YES;
				CLANG_WARN_CONSTANT_CONVERSION = YES;
				CLANG_WARN_DEPRECATED_OBJC_IMPLEMENTATIONS = YES;
				CLANG_WARN_DIRECT_OBJC_ISA_USAGE = YES_ERROR;
				CLANG_WARN_DOCUMENTATION_COMMENTS = YES;
				CLANG_WARN_EMPTY_BODY = YES;
				CLANG_WARN_ENUM_CONVERSION = YES;
				CLANG_WARN_INFINITE_RECURSION = YES;
				CLANG_WARN_INT_CONVERSION = YES;
				CLANG_WARN_NON_LITERAL_NULL_CONVERSION = YES;
				CLANG_WARN_OBJC_IMPLICIT_RETAIN_SELF = YES;
				CLANG_WARN_OBJC_LITERAL_CONVERSION = YES;
				CLANG_WARN_OBJC_ROOT_CLASS = YES_ERROR;
				CLANG_WARN_QUOTED_INCLUDE_IN_FRAMEWORK_HEADER = YES;
				CLANG_WARN_RANGE_LOOP_ANALYSIS = YES;
				CLANG_WARN_STRICT_PROTOTYPES = YES;
				CLANG_WARN_SUSPICIOUS_MOVE = YES;
				CLANG_WARN_UNGUARDED_AVAILABILITY = YES_AGGRESSIVE;
				CLANG_WARN_UNREACHABLE_CODE = YES;
				CLANG_WARN__DUPLICATE_METHOD_MATCH = YES;
				COPY_PHASE_STRIP = NO;
				DEBUG_INFORMATION_FORMAT = dwarf;
				DEVELOPMENT_TEAM = 9H3W66B869;
				ENABLE_STRICT_OBJC_MSGSEND = YES;
				ENABLE_TESTABILITY = YES;
				ENABLE_USER_SCRIPT_SANDBOXING = YES;
				GCC_C_LANGUAGE_STANDARD = gnu17;
				GCC_DYNAMIC_NO_PIC = NO;
				GCC_NO_COMMON_BLOCKS = YES;
				GCC_OPTIMIZATION_LEVEL = 0;
				GCC_PREPROCESSOR_DEFINITIONS = (
					"DEBUG=1",
					"$(inherited)",
				);
				GCC_WARN_64_TO_32_BIT_CONVERSION = YES;
				GCC_WARN_ABOUT_RETURN_TYPE = YES_ERROR;
				GCC_WARN_UNDECLARED_SELECTOR = YES;
				GCC_WARN_UNINITIALIZED_AUTOS = YES_AGGRESSIVE;
				GCC_WARN_UNUSED_FUNCTION = YES;
				GCC_WARN_UNUSED_VARIABLE = YES;
				IPHONEOS_DEPLOYMENT_TARGET = 18.5;
				LOCALIZATION_PREFERS_STRING_CATALOGS = YES;
				MTL_ENABLE_DEBUG_INFO = INCLUDE_SOURCE;
				MTL_FAST_MATH = YES;
				ONLY_ACTIVE_ARCH = YES;
				SDKROOT = iphoneos;
				SWIFT_ACTIVE_COMPILATION_CONDITIONS = "DEBUG $(inherited)";
				SWIFT_OPTIMIZATION_LEVEL = "-Onone";
			};
			name = Debug;
		};
		7CBD666F2E0BA6040007DFAB /* Release */ = {
			isa = XCBuildConfiguration;
			buildSettings = {
				ALWAYS_SEARCH_USER_PATHS = NO;
				ASSETCATALOG_COMPILER_GENERATE_SWIFT_ASSET_SYMBOL_EXTENSIONS = YES;
				CLANG_ANALYZER_NONNULL = YES;
				CLANG_ANALYZER_NUMBER_OBJECT_CONVERSION = YES_AGGRESSIVE;
				CLANG_CXX_LANGUAGE_STANDARD = "gnu++20";
				CLANG_ENABLE_MODULES = YES;
				CLANG_ENABLE_OBJC_ARC = YES;
				CLANG_ENABLE_OBJC_WEAK = YES;
				CLANG_WARN_BLOCK_CAPTURE_AUTORELEASING = YES;
				CLANG_WARN_BOOL_CONVERSION = YES;
				CLANG_WARN_COMMA = YES;
				CLANG_WARN_CONSTANT_CONVERSION = YES;
				CLANG_WARN_DEPRECATED_OBJC_IMPLEMENTATIONS = YES;
				CLANG_WARN_DIRECT_OBJC_ISA_USAGE = YES_ERROR;
				CLANG_WARN_DOCUMENTATION_COMMENTS = YES;
				CLANG_WARN_EMPTY_BODY = YES;
				CLANG_WARN_ENUM_CONVERSION = YES;
				CLANG_WARN_INFINITE_RECURSION = YES;
				CLANG_WARN_INT_CONVERSION = YES;
				CLANG_WARN_NON_LITERAL_NULL_CONVERSION = YES;
				CLANG_WARN_OBJC_IMPLICIT_RETAIN_SELF = YES;
				CLANG_WARN_OBJC_LITERAL_CONVERSION = YES;
				CLANG_WARN_OBJC_ROOT_CLASS = YES_ERROR;
				CLANG_WARN_QUOTED_INCLUDE_IN_FRAMEWORK_HEADER = YES;
				CLANG_WARN_RANGE_LOOP_ANALYSIS = YES;
				CLANG_WARN_STRICT_PROTOTYPES = YES;
				CLANG_WARN_SUSPICIOUS_MOVE = YES;
				CLANG_WARN_UNGUARDED_AVAILABILITY = YES_AGGRESSIVE;
				CLANG_WARN_UNREACHABLE_CODE = YES;
				CLANG_WARN__DUPLICATE_METHOD_MATCH = YES;
				COPY_PHASE_STRIP = NO;
				DEBUG_INFORMATION_FORMAT = "dwarf-with-dsym";
				DEVELOPMENT_TEAM = 9H3W66B869;
				ENABLE_NS_ASSERTIONS = NO;
				ENABLE_STRICT_OBJC_MSGSEND = YES;
				ENABLE_USER_SCRIPT_SANDBOXING = YES;
				GCC_C_LANGUAGE_STANDARD = gnu17;
				GCC_NO_COMMON_BLOCKS = YES;
				GCC_WARN_64_TO_32_BIT_CONVERSION = YES;
				GCC_WARN_ABOUT_RETURN_TYPE = YES_ERROR;
				GCC_WARN_UNDECLARED_SELECTOR = YES;
				GCC_WARN_UNINITIALIZED_AUTOS = YES_AGGRESSIVE;
				GCC_WARN_UNUSED_FUNCTION = YES;
				GCC_WARN_UNUSED_VARIABLE = YES;
				IPHONEOS_DEPLOYMENT_TARGET = 18.5;
				LOCALIZATION_PREFERS_STRING_CATALOGS = YES;
				MTL_ENABLE_DEBUG_INFO = NO;
				MTL_FAST_MATH = YES;
				SDKROOT = iphoneos;
				SWIFT_COMPILATION_MODE = wholemodule;
				VALIDATE_PRODUCT = YES;
			};
			name = Release;
		};
		7CBD66712E0BA6040007DFAB /* Debug */ = {
			isa = XCBuildConfiguration;
			buildSettings = {
				ASSETCATALOG_COMPILER_APPICON_NAME = AppIcon;
				ASSETCATALOG_COMPILER_GLOBAL_ACCENT_COLOR_NAME = AccentColor;
				CODE_SIGN_STYLE = Automatic;
				CURRENT_PROJECT_VERSION = 1;
				DEVELOPMENT_TEAM = 9H3W66B869;
				ENABLE_PREVIEWS = YES;
				GENERATE_INFOPLIST_FILE = YES;
				INFOPLIST_KEY_UIApplicationSceneManifest_Generation = YES;
				INFOPLIST_KEY_UIApplicationSupportsIndirectInputEvents = YES;
				INFOPLIST_KEY_UILaunchScreen_Generation = YES;
				INFOPLIST_KEY_UISupportedInterfaceOrientations_iPad = "UIInterfaceOrientationPortrait UIInterfaceOrientationPortraitUpsideDown UIInterfaceOrientationLandscapeLeft UIInterfaceOrientationLandscapeRight";
				INFOPLIST_KEY_UISupportedInterfaceOrientations_iPhone = "UIInterfaceOrientationPortrait UIInterfaceOrientationLandscapeLeft UIInterfaceOrientationLandscapeRight";
				LD_RUNPATH_SEARCH_PATHS = (
					"$(inherited)",
					"@executable_path/Frameworks",
				);
				MARKETING_VERSION = 1.0;
				PRODUCT_BUNDLE_IDENTIFIER = Abdalla.Unravel;
				PRODUCT_NAME = "$(TARGET_NAME)";
				SWIFT_EMIT_LOC_STRINGS = YES;
				SWIFT_VERSION = 5.0;
				TARGETED_DEVICE_FAMILY = "1,2";
			};
			name = Debug;
		};
		7CBD66722E0BA6040007DFAB /* Release */ = {
			isa = XCBuildConfiguration;
			buildSettings = {
				ASSETCATALOG_COMPILER_APPICON_NAME = AppIcon;
				ASSETCATALOG_COMPILER_GLOBAL_ACCENT_COLOR_NAME = AccentColor;
				CODE_SIGN_STYLE = Automatic;
				CURRENT_PROJECT_VERSION = 1;
				DEVELOPMENT_TEAM = 9H3W66B869;
				ENABLE_PREVIEWS = YES;
				GENERATE_INFOPLIST_FILE = YES;
				INFOPLIST_KEY_UIApplicationSceneManifest_Generation = YES;
				INFOPLIST_KEY_UIApplicationSupportsIndirectInputEvents = YES;
				INFOPLIST_KEY_UILaunchScreen_Generation = YES;
				INFOPLIST_KEY_UISupportedInterfaceOrientations_iPad = "UIInterfaceOrientationPortrait UIInterfaceOrientationPortraitUpsideDown UIInterfaceOrientationLandscapeLeft UIInterfaceOrientationLandscapeRight";
				INFOPLIST_KEY_UISupportedInterfaceOrientations_iPhone = "UIInterfaceOrientationPortrait UIInterfaceOrientationLandscapeLeft UIInterfaceOrientationLandscapeRight";
				LD_RUNPATH_SEARCH_PATHS = (
					"$(inherited)",
					"@executable_path/Frameworks",
				);
				MARKETING_VERSION = 1.0;
				PRODUCT_BUNDLE_IDENTIFIER = Abdalla.Unravel;
				PRODUCT_NAME = "$(TARGET_NAME)";
				SWIFT_EMIT_LOC_STRINGS = YES;
				SWIFT_VERSION = 5.0;
				TARGETED_DEVICE_FAMILY = "1,2";
			};
			name = Release;
		};
		7CBD66742E0BA6040007DFAB /* Debug */ = {
			isa = XCBuildConfiguration;
			buildSettings = {
				BUNDLE_LOADER = "$(TEST_HOST)";
				CODE_SIGN_STYLE = Automatic;
				CURRENT_PROJECT_VERSION = 1;
				DEVELOPMENT_TEAM = 9H3W66B869;
				GENERATE_INFOPLIST_FILE = YES;
				IPHONEOS_DEPLOYMENT_TARGET = 18.5;
				MARKETING_VERSION = 1.0;
				PRODUCT_BUNDLE_IDENTIFIER = Abdalla.UnravelTests;
				PRODUCT_NAME = "$(TARGET_NAME)";
				SWIFT_EMIT_LOC_STRINGS = NO;
				SWIFT_VERSION = 5.0;
				TARGETED_DEVICE_FAMILY = "1,2";
				TEST_HOST = "$(BUILT_PRODUCTS_DIR)/Unravel.app/$(BUNDLE_EXECUTABLE_FOLDER_PATH)/Unravel";
			};
			name = Debug;
		};
		7CBD66752E0BA6040007DFAB /* Release */ = {
			isa = XCBuildConfiguration;
			buildSettings = {
				BUNDLE_LOADER = "$(TEST_HOST)";
				CODE_SIGN_STYLE = Automatic;
				CURRENT_PROJECT_VERSION = 1;
				DEVELOPMENT_TEAM = 9H3W66B869;
				GENERATE_INFOPLIST_FILE = YES;
				IPHONEOS_DEPLOYMENT_TARGET = 18.5;
				MARKETING_VERSION = 1.0;
				PRODUCT_BUNDLE_IDENTIFIER = Abdalla.UnravelTests;
				PRODUCT_NAME = "$(TARGET_NAME)";
				SWIFT_EMIT_LOC_STRINGS = NO;
				SWIFT_VERSION = 5.0;
				TARGETED_DEVICE_FAMILY = "1,2";
				TEST_HOST = "$(BUILT_PRODUCTS_DIR)/Unravel.app/$(BUNDLE_EXECUTABLE_FOLDER_PATH)/Unravel";
			};
			name = Release;
		};
		7CBD66772E0BA6040007DFAB /* Debug */ = {
			isa = XCBuildConfiguration;
			buildSettings = {
				CODE_SIGN_STYLE = Automatic;
				CURRENT_PROJECT_VERSION = 1;
				DEVELOPMENT_TEAM = 9H3W66B869;
				GENERATE_INFOPLIST_FILE = YES;
				MARKETING_VERSION = 1.0;
				PRODUCT_BUNDLE_IDENTIFIER = Abdalla.UnravelUITests;
				PRODUCT_NAME = "$(TARGET_NAME)";
				SWIFT_EMIT_LOC_STRINGS = NO;
				SWIFT_VERSION = 5.0;
				TARGETED_DEVICE_FAMILY = "1,2";
				TEST_TARGET_NAME = Unravel;
			};
			name = Debug;
		};
		7CBD66782E0BA6040007DFAB /* Release */ = {
			isa = XCBuildConfiguration;
			buildSettings = {
				CODE_SIGN_STYLE = Automatic;
				CURRENT_PROJECT_VERSION = 1;
				DEVELOPMENT_TEAM = 9H3W66B869;
				GENERATE_INFOPLIST_FILE = YES;
				MARKETING_VERSION = 1.0;
				PRODUCT_BUNDLE_IDENTIFIER = Abdalla.UnravelUITests;
				PRODUCT_NAME = "$(TARGET_NAME)";
				SWIFT_EMIT_LOC_STRINGS = NO;
				SWIFT_VERSION = 5.0;
				TARGETED_DEVICE_FAMILY = "1,2";
				TEST_TARGET_NAME = Unravel;
			};
			name = Release;
		};
/* End XCBuildConfiguration section */

/* Begin XCConfigurationList section */
		7CBD664A2E0BA6010007DFAB /* Build configuration list for PBXProject "Unravel" */ = {
			isa = XCConfigurationList;
			buildConfigurations = (
				7CBD666E2E0BA6040007DFAB /* Debug */,
				7CBD666F2E0BA6040007DFAB /* Release */,
			);
			defaultConfigurationIsVisible = 0;
			defaultConfigurationName = Release;
		};
		7CBD66702E0BA6040007DFAB /* Build configuration list for PBXNativeTarget "Unravel" */ = {
			isa = XCConfigurationList;
			buildConfigurations = (
				7CBD66712E0BA6040007DFAB /* Debug */,
				7CBD66722E0BA6040007DFAB /* Release */,
			);
			defaultConfigurationIsVisible = 0;
			defaultConfigurationName = Release;
		};
		7CBD66732E0BA6040007DFAB /* Build configuration list for PBXNativeTarget "UnravelTests" */ = {
			isa = XCConfigurationList;
			buildConfigurations = (
				7CBD66742E0BA6040007DFAB /* Debug */,
				7CBD66752E0BA6040007DFAB /* Release */,
			);
			defaultConfigurationIsVisible = 0;
			defaultConfigurationName = Release;
		};
		7CBD66762E0BA6040007DFAB /* Build configuration list for PBXNativeTarget "UnravelUITests" */ = {
			isa = XCConfigurationList;
			buildConfigurations = (
				7CBD66772E0BA6040007DFAB /* Debug */,
				7CBD66782E0BA6040007DFAB /* Release */,
			);
			defaultConfigurationIsVisible = 0;
			defaultConfigurationName = Release;
		};
/* End XCConfigurationList section */
	};
	rootObject = 7CBD66472E0BA6010007DFAB /* Project object */;
}
